
Microsoft Visual Studio Solution File, Format Version 12.00
# Visual Studio Version 18
VisualStudioVersion = 18.2.11430.68 d18.0
MinimumVisualStudioVersion = 10.0.40219.1
Project("{FAE04EC0-301F-11D3-BF4B-00C04F79EFBC}") = "ERPInventory", "ERPInventory.csproj", "{7B47FAA2-D26C-CB62-83F2-FB642E6B0738}"
EndProject
Project("{FAE04EC0-301F-11D3-BF4B-00C04F79EFBC}") = "ERPInventory.Library", "..\ERPInventory.Library\ERPInventory.Library.csproj", "{99FB873A-0CE4-AEDE-C19C-417CB0ABEA14}"
EndProject
Global
	GlobalSection(SolutionConfigurationPlatforms) = preSolution
		Debug|Any CPU = Debug|Any CPU
		Release|Any CPU = Release|Any CPU
	EndGlobalSection
	GlobalSection(ProjectConfigurationPlatforms) = postSolution
		{7B47FAA2-D26C-CB62-83F2-FB642E6B0738}.Debug|Any CPU.ActiveCfg = Debug|Any CPU
		{7B47FAA2-D26C-CB62-83F2-FB642E6B0738}.Debug|Any CPU.Build.0 = Debug|Any CPU
		{7B47FAA2-D26C-CB62-83F2-FB642E6B0738}.Release|Any CPU.ActiveCfg = Release|Any CPU
		{7B47FAA2-D26C-CB62-83F2-FB642E6B0738}.Release|Any CPU.Build.0 = Release|Any CPU
		{99FB873A-0CE4-AEDE-C19C-417CB0ABEA14}.Debug|Any CPU.ActiveCfg = Debug|Any CPU
		{99FB873A-0CE4-AEDE-C19C-417CB0ABEA14}.Debug|Any CPU.Build.0 = Debug|Any CPU
		{99FB873A-0CE4-AEDE-C19C-417CB0ABEA14}.Release|Any CPU.ActiveCfg = Release|Any CPU
		{99FB873A-0CE4-AEDE-C19C-417CB0ABEA14}.Release|Any CPU.Build.0 = Release|Any CPU
	EndGlobalSection
	GlobalSection(SolutionProperties) = preSolution
		HideSolutionNode = FALSE
	EndGlobalSection
	GlobalSection(ExtensibilityGlobals) = postSolution
		SolutionGuid = {4492AAEA-F0E2-42CE-B94A-B9C6488DB071}
	EndGlobalSection
EndGlobal
