
Microsoft Visual Studio Solution File, Format Version 12.00
# Visual Studio Version 18
VisualStudioVersion = 18.2.11430.68 d18.0
MinimumVisualStudioVersion = 10.0.40219.1
Project("{FAE04EC0-301F-11D3-BF4B-00C04F79EFBC}") = "HRPortal", "HRPortal.csproj", "{B482F840-9F8E-D898-997B-CA57AAD82C97}"
EndProject
Project("{FAE04EC0-301F-11D3-BF4B-00C04F79EFBC}") = "HRPortal.Library", "..\HRPortal.Library\HRPortal.Library.csproj", "{BDA941CE-99C6-86A5-FB4B-AE1EDC542C34}"
EndProject
Global
	GlobalSection(SolutionConfigurationPlatforms) = preSolution
		Debug|Any CPU = Debug|Any CPU
		Release|Any CPU = Release|Any CPU
	EndGlobalSection
	GlobalSection(ProjectConfigurationPlatforms) = postSolution
		{B482F840-9F8E-D898-997B-CA57AAD82C97}.Debug|Any CPU.ActiveCfg = Debug|Any CPU
		{B482F840-9F8E-D898-997B-CA57AAD82C97}.Debug|Any CPU.Build.0 = Debug|Any CPU
		{B482F840-9F8E-D898-997B-CA57AAD82C97}.Release|Any CPU.ActiveCfg = Release|Any CPU
		{B482F840-9F8E-D898-997B-CA57AAD82C97}.Release|Any CPU.Build.0 = Release|Any CPU
		{BDA941CE-99C6-86A5-FB4B-AE1EDC542C34}.Debug|Any CPU.ActiveCfg = Debug|Any CPU
		{BDA941CE-99C6-86A5-FB4B-AE1EDC542C34}.Debug|Any CPU.Build.0 = Debug|Any CPU
		{BDA941CE-99C6-86A5-FB4B-AE1EDC542C34}.Release|Any CPU.ActiveCfg = Release|Any CPU
		{BDA941CE-99C6-86A5-FB4B-AE1EDC542C34}.Release|Any CPU.Build.0 = Release|Any CPU
	EndGlobalSection
	GlobalSection(SolutionProperties) = preSolution
		HideSolutionNode = FALSE
	EndGlobalSection
	GlobalSection(ExtensibilityGlobals) = postSolution
		SolutionGuid = {ACB87690-5A63-4893-A43B-E59ACAB7471C}
	EndGlobalSection
EndGlobal
